// !$*UTF8*$!
{
	archiveVersion = 1;
	classes = {
	};
	objectVersion = 56;
	objects = {

/* Begin PBXBuildFile section */
		1F07FFC82AC6F0BC00E4BB82 /* LoginViewController.xib in Resources */ = {isa = PBXBuildFile; fileRef = 1F07FFC72AC6F0BC00E4BB82 /* LoginViewController.xib */; };
		1F0D1EDB2A9D41D200F2E932 /* AppDelegate.swift in Sources */ = {isa = PBXBuildFile; fileRef = 1F0D1EDA2A9D41D200F2E932 /* AppDelegate.swift */; };
		1F0D1EDD2A9D41D200F2E932 /* SceneDelegate.swift in Sources */ = {isa = PBXBuildFile; fileRef = 1F0D1EDC2A9D41D200F2E932 /* SceneDelegate.swift */; };
		1F0D1EDF2A9D41D200F2E932 /* ViewController.swift in Sources */ = {isa = PBXBuildFile; fileRef = 1F0D1EDE2A9D41D200F2E932 /* ViewController.swift */; };
		1F0D1EE42A9D41D400F2E932 /* Assets.xcassets in Resources */ = {isa = PBXBuildFile; fileRef = 1F0D1EE32A9D41D400F2E932 /* Assets.xcassets */; };
		1F0D1EE72A9D41D400F2E932 /* LaunchScreen.storyboard in Resources */ = {isa = PBXBuildFile; fileRef = 1F0D1EE52A9D41D400F2E932 /* LaunchScreen.storyboard */; };
		1F6B893F2AC5D97900E7A114 /* DetailViewController.swift in Sources */ = {isa = PBXBuildFile; fileRef = 1F6B893D2AC5D97900E7A114 /* DetailViewController.swift */; };
		1F6B89402AC5D97900E7A114 /* DetailViewController.xib in Resources */ = {isa = PBXBuildFile; fileRef = 1F6B893E2AC5D97900E7A114 /* DetailViewController.xib */; };
		1F6B89422AC5DB8E00E7A114 /* UIImage+Remote.swift in Sources */ = {isa = PBXBuildFile; fileRef = 1F6B89412AC5DB8E00E7A114 /* UIImage+Remote.swift */; };
		1F8B29DD2AC4210800F2F914 /* HeroesViewController.swift in Sources */ = {isa = PBXBuildFile; fileRef = 1F8B29DB2AC4210800F2F914 /* HeroesViewController.swift */; };
		1F8B29DE2AC4210800F2F914 /* HeroesViewController.xib in Resources */ = {isa = PBXBuildFile; fileRef = 1F8B29DC2AC4210800F2F914 /* HeroesViewController.xib */; };
		1F8B29E42AC4462400F2F914 /* Transformations.swift in Sources */ = {isa = PBXBuildFile; fileRef = 1F8B29E32AC4462400F2F914 /* Transformations.swift */; };
		1F8B29E62AC4496A00F2F914 /* GetTransformationBody.swift in Sources */ = {isa = PBXBuildFile; fileRef = 1F8B29E52AC4496A00F2F914 /* GetTransformationBody.swift */; };
		1FC3353C2AC562CF00760050 /* LocalDataModel.swift in Sources */ = {isa = PBXBuildFile; fileRef = 1FC3353B2AC562CF00760050 /* LocalDataModel.swift */; };
		1FC335442AC57F8B00760050 /* SuperheroesTests.swift in Sources */ = {isa = PBXBuildFile; fileRef = 1FC335432AC57F8B00760050 /* SuperheroesTests.swift */; };
		1FC3354B2AC5814700760050 /* NetworkModelTests.swift in Sources */ = {isa = PBXBuildFile; fileRef = 1FC3354A2AC5814700760050 /* NetworkModelTests.swift */; };
		1FCE2D902AC174B70078D423 /* NetworkModel.swift in Sources */ = {isa = PBXBuildFile; fileRef = 1FCE2D8F2AC174B70078D423 /* NetworkModel.swift */; };
		1FCE2D922AC1EF2F0078D423 /* Hero.swift in Sources */ = {isa = PBXBuildFile; fileRef = 1FCE2D912AC1EF2F0078D423 /* Hero.swift */; };
		1FDCA5662AC0ABB2002C4559 /* LoginViewController.swift in Sources */ = {isa = PBXBuildFile; fileRef = 1FDCA5642AC0ABB2002C4559 /* LoginViewController.swift */; };
		1FE4B7B62AC6E02A00B58811 /* TableViewController.swift in Sources */ = {isa = PBXBuildFile; fileRef = 1FE4B7B42AC6E02A00B58811 /* TableViewController.swift */; };
		1FE4B7B72AC6E02A00B58811 /* TableViewController.xib in Resources */ = {isa = PBXBuildFile; fileRef = 1FE4B7B52AC6E02A00B58811 /* TableViewController.xib */; };
/* End PBXBuildFile section */

/* Begin PBXContainerItemProxy section */
		1FC335452AC57F8B00760050 /* PBXContainerItemProxy */ = {
			isa = PBXContainerItemProxy;
			containerPortal = 1F0D1ECF2A9D41D200F2E932 /* Project object */;
			proxyType = 1;
			remoteGlobalIDString = 1F0D1ED62A9D41D200F2E932;
			remoteInfo = Superheroes;
		};
/* End PBXContainerItemProxy section */

/* Begin PBXFileReference section */
		1F07FFC72AC6F0BC00E4BB82 /* LoginViewController.xib */ = {isa = PBXFileReference; fileEncoding = 4; lastKnownFileType = file.xib; path = LoginViewController.xib; sourceTree = "<group>"; };
		1F0D1ED72A9D41D200F2E932 /* Superheroes.app */ = {isa = PBXFileReference; explicitFileType = wrapper.application; includeInIndex = 0; path = Superheroes.app; sourceTree = BUILT_PRODUCTS_DIR; };
		1F0D1EDA2A9D41D200F2E932 /* AppDelegate.swift */ = {isa = PBXFileReference; lastKnownFileType = sourcecode.swift; path = AppDelegate.swift; sourceTree = "<group>"; };
		1F0D1EDC2A9D41D200F2E932 /* SceneDelegate.swift */ = {isa = PBXFileReference; lastKnownFileType = sourcecode.swift; path = SceneDelegate.swift; sourceTree = "<group>"; };
		1F0D1EDE2A9D41D200F2E932 /* ViewController.swift */ = {isa = PBXFileReference; lastKnownFileType = sourcecode.swift; path = ViewController.swift; sourceTree = "<group>"; };
		1F0D1EE32A9D41D400F2E932 /* Assets.xcassets */ = {isa = PBXFileReference; lastKnownFileType = folder.assetcatalog; path = Assets.xcassets; sourceTree = "<group>"; };
		1F0D1EE62A9D41D400F2E932 /* Base */ = {isa = PBXFileReference; lastKnownFileType = file.storyboard; name = Base; path = Base.lproj/LaunchScreen.storyboard; sourceTree = "<group>"; };
		1F0D1EE82A9D41D500F2E932 /* Info.plist */ = {isa = PBXFileReference; lastKnownFileType = text.plist.xml; path = Info.plist; sourceTree = "<group>"; };
		1F6B893D2AC5D97900E7A114 /* DetailViewController.swift */ = {isa = PBXFileReference; lastKnownFileType = sourcecode.swift; path = DetailViewController.swift; sourceTree = "<group>"; };
		1F6B893E2AC5D97900E7A114 /* DetailViewController.xib */ = {isa = PBXFileReference; lastKnownFileType = file.xib; path = DetailViewController.xib; sourceTree = "<group>"; };
		1F6B89412AC5DB8E00E7A114 /* UIImage+Remote.swift */ = {isa = PBXFileReference; lastKnownFileType = sourcecode.swift; path = "UIImage+Remote.swift"; sourceTree = "<group>"; };
		1F8B29DB2AC4210800F2F914 /* HeroesViewController.swift */ = {isa = PBXFileReference; lastKnownFileType = sourcecode.swift; path = HeroesViewController.swift; sourceTree = "<group>"; };
		1F8B29DC2AC4210800F2F914 /* HeroesViewController.xib */ = {isa = PBXFileReference; lastKnownFileType = file.xib; path = HeroesViewController.xib; sourceTree = "<group>"; };
		1F8B29E32AC4462400F2F914 /* Transformations.swift */ = {isa = PBXFileReference; lastKnownFileType = sourcecode.swift; path = Transformations.swift; sourceTree = "<group>"; };
		1F8B29E52AC4496A00F2F914 /* GetTransformationBody.swift */ = {isa = PBXFileReference; lastKnownFileType = sourcecode.swift; path = GetTransformationBody.swift; sourceTree = "<group>"; };
		1FC3353B2AC562CF00760050 /* LocalDataModel.swift */ = {isa = PBXFileReference; lastKnownFileType = sourcecode.swift; path = LocalDataModel.swift; sourceTree = "<group>"; };
		1FC335412AC57F8B00760050 /* SuperheroesTests.xctest */ = {isa = PBXFileReference; explicitFileType = wrapper.cfbundle; includeInIndex = 0; path = SuperheroesTests.xctest; sourceTree = BUILT_PRODUCTS_DIR; };
		1FC335432AC57F8B00760050 /* SuperheroesTests.swift */ = {isa = PBXFileReference; lastKnownFileType = sourcecode.swift; path = SuperheroesTests.swift; sourceTree = "<group>"; };
		1FC3354A2AC5814700760050 /* NetworkModelTests.swift */ = {isa = PBXFileReference; lastKnownFileType = sourcecode.swift; path = NetworkModelTests.swift; sourceTree = "<group>"; };
		1FCE2D8F2AC174B70078D423 /* NetworkModel.swift */ = {isa = PBXFileReference; lastKnownFileType = sourcecode.swift; path = NetworkModel.swift; sourceTree = "<group>"; };
		1FCE2D912AC1EF2F0078D423 /* Hero.swift */ = {isa = PBXFileReference; lastKnownFileType = sourcecode.swift; path = Hero.swift; sourceTree = "<group>"; };
		1FDCA5642AC0ABB2002C4559 /* LoginViewController.swift */ = {isa = PBXFileReference; lastKnownFileType = sourcecode.swift; path = LoginViewController.swift; sourceTree = "<group>"; };
		1FE4B7B42AC6E02A00B58811 /* TableViewController.swift */ = {isa = PBXFileReference; lastKnownFileType = sourcecode.swift; path = TableViewController.swift; sourceTree = "<group>"; };
		1FE4B7B52AC6E02A00B58811 /* TableViewController.xib */ = {isa = PBXFileReference; lastKnownFileType = file.xib; path = TableViewController.xib; sourceTree = "<group>"; };
/* End PBXFileReference section */

/* Begin PBXFrameworksBuildPhase section */
		1F0D1ED42A9D41D200F2E932 /* Frameworks */ = {
			isa = PBXFrameworksBuildPhase;
			buildActionMask = 2147483647;
			files = (
			);
			runOnlyForDeploymentPostprocessing = 0;
		};
		1FC3353E2AC57F8B00760050 /* Frameworks */ = {
			isa = PBXFrameworksBuildPhase;
			buildActionMask = 2147483647;
			files = (
			);
			runOnlyForDeploymentPostprocessing = 0;
		};
/* End PBXFrameworksBuildPhase section */

/* Begin PBXGroup section */
		1F0D1ECE2A9D41D200F2E932 = {
			isa = PBXGroup;
			children = (
				1F0D1ED92A9D41D200F2E932 /* Superheroes */,
				1FC335422AC57F8B00760050 /* SuperheroesTests */,
				1F0D1ED82A9D41D200F2E932 /* Products */,
			);
			sourceTree = "<group>";
		};
		1F0D1ED82A9D41D200F2E932 /* Products */ = {
			isa = PBXGroup;
			children = (
				1F0D1ED72A9D41D200F2E932 /* Superheroes.app */,
				1FC335412AC57F8B00760050 /* SuperheroesTests.xctest */,
			);
			name = Products;
			sourceTree = "<group>";
		};
		1F0D1ED92A9D41D200F2E932 /* Superheroes */ = {
			isa = PBXGroup;
			children = (
				1FCE2D8E2AC174040078D423 /* Models */,
				1FE4B7B92AC6ECBC00B58811 /* Controller */,
				1FE4B7B82AC6ECAA00B58811 /* View+controller */,
				1F0D1EDA2A9D41D200F2E932 /* AppDelegate.swift */,
				1F0D1EDC2A9D41D200F2E932 /* SceneDelegate.swift */,
				1F0D1EDE2A9D41D200F2E932 /* ViewController.swift */,
				1F0D1EE32A9D41D400F2E932 /* Assets.xcassets */,
				1F0D1EE52A9D41D400F2E932 /* LaunchScreen.storyboard */,
				1F0D1EE82A9D41D500F2E932 /* Info.plist */,
				1FE4B7B42AC6E02A00B58811 /* TableViewController.swift */,
				1FE4B7B52AC6E02A00B58811 /* TableViewController.xib */,
			);
			path = Superheroes;
			sourceTree = "<group>";
		};
		1FC335422AC57F8B00760050 /* SuperheroesTests */ = {
			isa = PBXGroup;
			children = (
				1FC335432AC57F8B00760050 /* SuperheroesTests.swift */,
				1FC3354A2AC5814700760050 /* NetworkModelTests.swift */,
			);
			path = SuperheroesTests;
			sourceTree = "<group>";
		};
		1FCE2D8E2AC174040078D423 /* Models */ = {
			isa = PBXGroup;
			children = (
				1FCE2D8F2AC174B70078D423 /* NetworkModel.swift */,
				1FCE2D912AC1EF2F0078D423 /* Hero.swift */,
				1F8B29E32AC4462400F2F914 /* Transformations.swift */,
				1F8B29E52AC4496A00F2F914 /* GetTransformationBody.swift */,
				1FC3353B2AC562CF00760050 /* LocalDataModel.swift */,
				1F6B89412AC5DB8E00E7A114 /* UIImage+Remote.swift */,
			);
			path = Models;
			sourceTree = "<group>";
		};
		1FE4B7B82AC6ECAA00B58811 /* View+controller */ = {
			isa = PBXGroup;
			children = (
				1F07FFC72AC6F0BC00E4BB82 /* LoginViewController.xib */,
				1F6B893E2AC5D97900E7A114 /* DetailViewController.xib */,
				1F8B29DC2AC4210800F2F914 /* HeroesViewController.xib */,
			);
			path = "View+controller";
			sourceTree = "<group>";
		};
		1FE4B7B92AC6ECBC00B58811 /* Controller */ = {
			isa = PBXGroup;
			children = (
				1FDCA5642AC0ABB2002C4559 /* LoginViewController.swift */,
				1F8B29DB2AC4210800F2F914 /* HeroesViewController.swift */,
				1F6B893D2AC5D97900E7A114 /* DetailViewController.swift */,
			);
			path = Controller;
			sourceTree = "<group>";
		};
/* End PBXGroup section */

/* Begin PBXNativeTarget section */
		1F0D1ED62A9D41D200F2E932 /* Superheroes */ = {
			isa = PBXNativeTarget;
			buildConfigurationList = 1F0D1EEB2A9D41D500F2E932 /* Build configuration list for PBXNativeTarget "Superheroes" */;
			buildPhases = (
				1F0D1ED32A9D41D200F2E932 /* Sources */,
				1F0D1ED42A9D41D200F2E932 /* Frameworks */,
				1F0D1ED52A9D41D200F2E932 /* Resources */,
			);
			buildRules = (
			);
			dependencies = (
			);
			name = Superheroes;
			productName = Superheroes;
			productReference = 1F0D1ED72A9D41D200F2E932 /* Superheroes.app */;
			productType = "com.apple.product-type.application";
		};
		1FC335402AC57F8B00760050 /* SuperheroesTests */ = {
			isa = PBXNativeTarget;
			buildConfigurationList = 1FC335472AC57F8B00760050 /* Build configuration list for PBXNativeTarget "SuperheroesTests" */;
			buildPhases = (
				1FC3353D2AC57F8B00760050 /* Sources */,
				1FC3353E2AC57F8B00760050 /* Frameworks */,
				1FC3353F2AC57F8B00760050 /* Resources */,
			);
			buildRules = (
			);
			dependencies = (
				1FC335462AC57F8B00760050 /* PBXTargetDependency */,
			);
			name = SuperheroesTests;
			productName = SuperheroesTests;
			productReference = 1FC335412AC57F8B00760050 /* SuperheroesTests.xctest */;
			productType = "com.apple.product-type.bundle.unit-test";
		};
/* End PBXNativeTarget section */

/* Begin PBXProject section */
		1F0D1ECF2A9D41D200F2E932 /* Project object */ = {
			isa = PBXProject;
			attributes = {
				BuildIndependentTargetsInParallel = 1;
				LastSwiftUpdateCheck = 1420;
				LastUpgradeCheck = 1420;
				TargetAttributes = {
					1F0D1ED62A9D41D200F2E932 = {
						CreatedOnToolsVersion = 14.2;
					};
					1FC335402AC57F8B00760050 = {
						CreatedOnToolsVersion = 14.2;
						TestTargetID = 1F0D1ED62A9D41D200F2E932;
					};
				};
			};
			buildConfigurationList = 1F0D1ED22A9D41D200F2E932 /* Build configuration list for PBXProject "Superheroes" */;
			compatibilityVersion = "Xcode 14.0";
			developmentRegion = en;
			hasScannedForEncodings = 0;
			knownRegions = (
				en,
				Base,
			);
			mainGroup = 1F0D1ECE2A9D41D200F2E932;
			productRefGroup = 1F0D1ED82A9D41D200F2E932 /* Products */;
			projectDirPath = "";
			projectRoot = "";
			targets = (
				1F0D1ED62A9D41D200F2E932 /* Superheroes */,
				1FC335402AC57F8B00760050 /* SuperheroesTests */,
			);
		};
/* End PBXProject section */

/* Begin PBXResourcesBuildPhase section */
		1F0D1ED52A9D41D200F2E932 /* Resources */ = {
			isa = PBXResourcesBuildPhase;
			buildActionMask = 2147483647;
			files = (
				1F0D1EE72A9D41D400F2E932 /* LaunchScreen.storyboard in Resources */,
				1F6B89402AC5D97900E7A114 /* DetailViewController.xib in Resources */,
				1FE4B7B72AC6E02A00B58811 /* TableViewController.xib in Resources */,
				1F8B29DE2AC4210800F2F914 /* HeroesViewController.xib in Resources */,
				1F07FFC82AC6F0BC00E4BB82 /* LoginViewController.xib in Resources */,
				1F0D1EE42A9D41D400F2E932 /* Assets.xcassets in Resources */,
			);
			runOnlyForDeploymentPostprocessing = 0;
		};
		1FC3353F2AC57F8B00760050 /* Resources */ = {
			isa = PBXResourcesBuildPhase;
			buildActionMask = 2147483647;
			files = (
			);
			runOnlyForDeploymentPostprocessing = 0;
		};
/* End PBXResourcesBuildPhase section */

/* Begin PBXSourcesBuildPhase section */
		1F0D1ED32A9D41D200F2E932 /* Sources */ = {
			isa = PBXSourcesBuildPhase;
			buildActionMask = 2147483647;
			files = (
				1F6B893F2AC5D97900E7A114 /* DetailViewController.swift in Sources */,
				1FCE2D902AC174B70078D423 /* NetworkModel.swift in Sources */,
				1FE4B7B62AC6E02A00B58811 /* TableViewController.swift in Sources */,
				1F0D1EDF2A9D41D200F2E932 /* ViewController.swift in Sources */,
				1F8B29E42AC4462400F2F914 /* Transformations.swift in Sources */,
				1FC3353C2AC562CF00760050 /* LocalDataModel.swift in Sources */,
				1F8B29E62AC4496A00F2F914 /* GetTransformationBody.swift in Sources */,
				1F0D1EDB2A9D41D200F2E932 /* AppDelegate.swift in Sources */,
				1F8B29DD2AC4210800F2F914 /* HeroesViewController.swift in Sources */,
				1FCE2D922AC1EF2F0078D423 /* Hero.swift in Sources */,
				1FDCA5662AC0ABB2002C4559 /* LoginViewController.swift in Sources */,
				1F0D1EDD2A9D41D200F2E932 /* SceneDelegate.swift in Sources */,
				1F6B89422AC5DB8E00E7A114 /* UIImage+Remote.swift in Sources */,
			);
			runOnlyForDeploymentPostprocessing = 0;
		};
		1FC3353D2AC57F8B00760050 /* Sources */ = {
			isa = PBXSourcesBuildPhase;
			buildActionMask = 2147483647;
			files = (
				1FC3354B2AC5814700760050 /* NetworkModelTests.swift in Sources */,
				1FC335442AC57F8B00760050 /* SuperheroesTests.swift in Sources */,
			);
			runOnlyForDeploymentPostprocessing = 0;
		};
/* End PBXSourcesBuildPhase section */

/* Begin PBXTargetDependency section */
		1FC335462AC57F8B00760050 /* PBXTargetDependency */ = {
			isa = PBXTargetDependency;
			target = 1F0D1ED62A9D41D200F2E932 /* Superheroes */;
			targetProxy = 1FC335452AC57F8B00760050 /* PBXContainerItemProxy */;
		};
/* End PBXTargetDependency section */

/* Begin PBXVariantGroup section */
		1F0D1EE52A9D41D400F2E932 /* LaunchScreen.storyboard */ = {
			isa = PBXVariantGroup;
			children = (
				1F0D1EE62A9D41D400F2E932 /* Base */,
			);
			name = LaunchScreen.storyboard;
			sourceTree = "<group>";
		};
/* End PBXVariantGroup section */

/* Begin XCBuildConfiguration section */
		1F0D1EE92A9D41D500F2E932 /* Debug */ = {
			isa = XCBuildConfiguration;
			buildSettings = {
				ALWAYS_SEARCH_USER_PATHS = NO;
				CLANG_ANALYZER_NONNULL = YES;
				CLANG_ANALYZER_NUMBER_OBJECT_CONVERSION = YES_AGGRESSIVE;
				CLANG_CXX_LANGUAGE_STANDARD = "gnu++20";
				CLANG_ENABLE_MODULES = YES;
				CLANG_ENABLE_OBJC_ARC = YES;
				CLANG_ENABLE_OBJC_WEAK = YES;
				CLANG_WARN_BLOCK_CAPTURE_AUTORELEASING = YES;
				CLANG_WARN_BOOL_CONVERSION = YES;
				CLANG_WARN_COMMA = YES;
				CLANG_WARN_CONSTANT_CONVERSION = YES;
				CLANG_WARN_DEPRECATED_OBJC_IMPLEMENTATIONS = YES;
				CLANG_WARN_DIRECT_OBJC_ISA_USAGE = YES_ERROR;
				CLANG_WARN_DOCUMENTATION_COMMENTS = YES;
				CLANG_WARN_EMPTY_BODY = YES;
				CLANG_WARN_ENUM_CONVERSION = YES;
				CLANG_WARN_INFINITE_RECURSION = YES;
				CLANG_WARN_INT_CONVERSION = YES;
				CLANG_WARN_NON_LITERAL_NULL_CONVERSION = YES;
				CLANG_WARN_OBJC_IMPLICIT_RETAIN_SELF = YES;
				CLANG_WARN_OBJC_LITERAL_CONVERSION = YES;
				CLANG_WARN_OBJC_ROOT_CLASS = YES_ERROR;
				CLANG_WARN_QUOTED_INCLUDE_IN_FRAMEWORK_HEADER = YES;
				CLANG_WARN_RANGE_LOOP_ANALYSIS = YES;
				CLANG_WARN_STRICT_PROTOTYPES = YES;
				CLANG_WARN_SUSPICIOUS_MOVE = YES;
				CLANG_WARN_UNGUARDED_AVAILABILITY = YES_AGGRESSIVE;
				CLANG_WARN_UNREACHABLE_CODE = YES;
				CLANG_WARN__DUPLICATE_METHOD_MATCH = YES;
				COPY_PHASE_STRIP = NO;
				DEBUG_INFORMATION_FORMAT = dwarf;
				ENABLE_STRICT_OBJC_MSGSEND = YES;
				ENABLE_TESTABILITY = YES;
				GCC_C_LANGUAGE_STANDARD = gnu11;
				GCC_DYNAMIC_NO_PIC = NO;
				GCC_NO_COMMON_BLOCKS = YES;
				GCC_OPTIMIZATION_LEVEL = 0;
				GCC_PREPROCESSOR_DEFINITIONS = (
					"DEBUG=1",
					"$(inherited)",
				);
				GCC_WARN_64_TO_32_BIT_CONVERSION = YES;
				GCC_WARN_ABOUT_RETURN_TYPE = YES_ERROR;
				GCC_WARN_UNDECLARED_SELECTOR = YES;
				GCC_WARN_UNINITIALIZED_AUTOS = YES_AGGRESSIVE;
				GCC_WARN_UNUSED_FUNCTION = YES;
				GCC_WARN_UNUSED_VARIABLE = YES;
				IPHONEOS_DEPLOYMENT_TARGET = 16.2;
				MTL_ENABLE_DEBUG_INFO = INCLUDE_SOURCE;
				MTL_FAST_MATH = YES;
				ONLY_ACTIVE_ARCH = YES;
				SDKROOT = iphoneos;
				SWIFT_ACTIVE_COMPILATION_CONDITIONS = DEBUG;
				SWIFT_OPTIMIZATION_LEVEL = "-Onone";
			};
			name = Debug;
		};
		1F0D1EEA2A9D41D500F2E932 /* Release */ = {
			isa = XCBuildConfiguration;
			buildSettings = {
				ALWAYS_SEARCH_USER_PATHS = NO;
				CLANG_ANALYZER_NONNULL = YES;
				CLANG_ANALYZER_NUMBER_OBJECT_CONVERSION = YES_AGGRESSIVE;
				CLANG_CXX_LANGUAGE_STANDARD = "gnu++20";
				CLANG_ENABLE_MODULES = YES;
				CLANG_ENABLE_OBJC_ARC = YES;
				CLANG_ENABLE_OBJC_WEAK = YES;
				CLANG_WARN_BLOCK_CAPTURE_AUTORELEASING = YES;
				CLANG_WARN_BOOL_CONVERSION = YES;
				CLANG_WARN_COMMA = YES;
				CLANG_WARN_CONSTANT_CONVERSION = YES;
				CLANG_WARN_DEPRECATED_OBJC_IMPLEMENTATIONS = YES;
				CLANG_WARN_DIRECT_OBJC_ISA_USAGE = YES_ERROR;
				CLANG_WARN_DOCUMENTATION_COMMENTS = YES;
				CLANG_WARN_EMPTY_BODY = YES;
				CLANG_WARN_ENUM_CONVERSION = YES;
				CLANG_WARN_INFINITE_RECURSION = YES;
				CLANG_WARN_INT_CONVERSION = YES;
				CLANG_WARN_NON_LITERAL_NULL_CONVERSION = YES;
				CLANG_WARN_OBJC_IMPLICIT_RETAIN_SELF = YES;
				CLANG_WARN_OBJC_LITERAL_CONVERSION = YES;
				CLANG_WARN_OBJC_ROOT_CLASS = YES_ERROR;
				CLANG_WARN_QUOTED_INCLUDE_IN_FRAMEWORK_HEADER = YES;
				CLANG_WARN_RANGE_LOOP_ANALYSIS = YES;
				CLANG_WARN_STRICT_PROTOTYPES = YES;
				CLANG_WARN_SUSPICIOUS_MOVE = YES;
				CLANG_WARN_UNGUARDED_AVAILABILITY = YES_AGGRESSIVE;
				CLANG_WARN_UNREACHABLE_CODE = YES;
				CLANG_WARN__DUPLICATE_METHOD_MATCH = YES;
				COPY_PHASE_STRIP = NO;
				DEBUG_INFORMATION_FORMAT = "dwarf-with-dsym";
				ENABLE_NS_ASSERTIONS = NO;
				ENABLE_STRICT_OBJC_MSGSEND = YES;
				GCC_C_LANGUAGE_STANDARD = gnu11;
				GCC_NO_COMMON_BLOCKS = YES;
				GCC_WARN_64_TO_32_BIT_CONVERSION = YES;
				GCC_WARN_ABOUT_RETURN_TYPE = YES_ERROR;
				GCC_WARN_UNDECLARED_SELECTOR = YES;
				GCC_WARN_UNINITIALIZED_AUTOS = YES_AGGRESSIVE;
				GCC_WARN_UNUSED_FUNCTION = YES;
				GCC_WARN_UNUSED_VARIABLE = YES;
				IPHONEOS_DEPLOYMENT_TARGET = 16.2;
				MTL_ENABLE_DEBUG_INFO = NO;
				MTL_FAST_MATH = YES;
				SDKROOT = iphoneos;
				SWIFT_COMPILATION_MODE = wholemodule;
				SWIFT_OPTIMIZATION_LEVEL = "-O";
				VALIDATE_PRODUCT = YES;
			};
			name = Release;
		};
		1F0D1EEC2A9D41D500F2E932 /* Debug */ = {
			isa = XCBuildConfiguration;
			buildSettings = {
				ASSETCATALOG_COMPILER_APPICON_NAME = AppIcon;
				ASSETCATALOG_COMPILER_GLOBAL_ACCENT_COLOR_NAME = AccentColor;
				CODE_SIGN_STYLE = Automatic;
				CURRENT_PROJECT_VERSION = 1;
				DEVELOPMENT_TEAM = Z6336UHQ5Z;
				GENERATE_INFOPLIST_FILE = YES;
				INFOPLIST_FILE = Superheroes/Info.plist;
				INFOPLIST_KEY_UIApplicationSupportsIndirectInputEvents = YES;
				INFOPLIST_KEY_UILaunchStoryboardName = LaunchScreen;
				INFOPLIST_KEY_UISupportedInterfaceOrientations_iPad = "UIInterfaceOrientationPortrait UIInterfaceOrientationPortraitUpsideDown UIInterfaceOrientationLandscapeLeft UIInterfaceOrientationLandscapeRight";
				INFOPLIST_KEY_UISupportedInterfaceOrientations_iPhone = "UIInterfaceOrientationPortrait UIInterfaceOrientationLandscapeLeft UIInterfaceOrientationLandscapeRight";
				LD_RUNPATH_SEARCH_PATHS = (
					"$(inherited)",
					"@executable_path/Frameworks",
				);
				MARKETING_VERSION = 1.0;
				PRODUCT_BUNDLE_IDENTIFIER = IBV.Superheroes;
				PRODUCT_NAME = "$(TARGET_NAME)";
				SWIFT_EMIT_LOC_STRINGS = YES;
				SWIFT_VERSION = 5.0;
				TARGETED_DEVICE_FAMILY = "1,2";
			};
			name = Debug;
		};
		1F0D1EED2A9D41D500F2E932 /* Release */ = {
			isa = XCBuildConfiguration;
			buildSettings = {
				ASSETCATALOG_COMPILER_APPICON_NAME = AppIcon;
				ASSETCATALOG_COMPILER_GLOBAL_ACCENT_COLOR_NAME = AccentColor;
				CODE_SIGN_STYLE = Automatic;
				CURRENT_PROJECT_VERSION = 1;
				DEVELOPMENT_TEAM = Z6336UHQ5Z;
				GENERATE_INFOPLIST_FILE = YES;
				INFOPLIST_FILE = Superheroes/Info.plist;
				INFOPLIST_KEY_UIApplicationSupportsIndirectInputEvents = YES;
				INFOPLIST_KEY_UILaunchStoryboardName = LaunchScreen;
				INFOPLIST_KEY_UISupportedInterfaceOrientations_iPad = "UIInterfaceOrientationPortrait UIInterfaceOrientationPortraitUpsideDown UIInterfaceOrientationLandscapeLeft UIInterfaceOrientationLandscapeRight";
				INFOPLIST_KEY_UISupportedInterfaceOrientations_iPhone = "UIInterfaceOrientationPortrait UIInterfaceOrientationLandscapeLeft UIInterfaceOrientationLandscapeRight";
				LD_RUNPATH_SEARCH_PATHS = (
					"$(inherited)",
					"@executable_path/Frameworks",
				);
				MARKETING_VERSION = 1.0;
				PRODUCT_BUNDLE_IDENTIFIER = IBV.Superheroes;
				PRODUCT_NAME = "$(TARGET_NAME)";
				SWIFT_EMIT_LOC_STRINGS = YES;
				SWIFT_VERSION = 5.0;
				TARGETED_DEVICE_FAMILY = "1,2";
			};
			name = Release;
		};
		1FC335482AC57F8B00760050 /* Debug */ = {
			isa = XCBuildConfiguration;
			buildSettings = {
				BUNDLE_LOADER = "$(TEST_HOST)";
				CODE_SIGN_STYLE = Automatic;
				CURRENT_PROJECT_VERSION = 1;
				DEVELOPMENT_TEAM = Z6336UHQ5Z;
				GENERATE_INFOPLIST_FILE = YES;
				MARKETING_VERSION = 1.0;
				PRODUCT_BUNDLE_IDENTIFIER = IBV.SuperheroesTests;
				PRODUCT_NAME = "$(TARGET_NAME)";
				SWIFT_EMIT_LOC_STRINGS = NO;
				SWIFT_VERSION = 5.0;
				TARGETED_DEVICE_FAMILY = "1,2";
				TEST_HOST = "$(BUILT_PRODUCTS_DIR)/Superheroes.app/$(BUNDLE_EXECUTABLE_FOLDER_PATH)/Superheroes";
			};
			name = Debug;
		};
		1FC335492AC57F8B00760050 /* Release */ = {
			isa = XCBuildConfiguration;
			buildSettings = {
				BUNDLE_LOADER = "$(TEST_HOST)";
				CODE_SIGN_STYLE = Automatic;
				CURRENT_PROJECT_VERSION = 1;
				DEVELOPMENT_TEAM = Z6336UHQ5Z;
				GENERATE_INFOPLIST_FILE = YES;
				MARKETING_VERSION = 1.0;
				PRODUCT_BUNDLE_IDENTIFIER = IBV.SuperheroesTests;
				PRODUCT_NAME = "$(TARGET_NAME)";
				SWIFT_EMIT_LOC_STRINGS = NO;
				SWIFT_VERSION = 5.0;
				TARGETED_DEVICE_FAMILY = "1,2";
				TEST_HOST = "$(BUILT_PRODUCTS_DIR)/Superheroes.app/$(BUNDLE_EXECUTABLE_FOLDER_PATH)/Superheroes";
			};
			name = Release;
		};
/* End XCBuildConfiguration section */

/* Begin XCConfigurationList section */
		1F0D1ED22A9D41D200F2E932 /* Build configuration list for PBXProject "Superheroes" */ = {
			isa = XCConfigurationList;
			buildConfigurations = (
				1F0D1EE92A9D41D500F2E932 /* Debug */,
				1F0D1EEA2A9D41D500F2E932 /* Release */,
			);
			defaultConfigurationIsVisible = 0;
			defaultConfigurationName = Release;
		};
		1F0D1EEB2A9D41D500F2E932 /* Build configuration list for PBXNativeTarget "Superheroes" */ = {
			isa = XCConfigurationList;
			buildConfigurations = (
				1F0D1EEC2A9D41D500F2E932 /* Debug */,
				1F0D1EED2A9D41D500F2E932 /* Release */,
			);
			defaultConfigurationIsVisible = 0;
			defaultConfigurationName = Release;
		};
		1FC335472AC57F8B00760050 /* Build configuration list for PBXNativeTarget "SuperheroesTests" */ = {
			isa = XCConfigurationList;
			buildConfigurations = (
				1FC335482AC57F8B00760050 /* Debug */,
				1FC335492AC57F8B00760050 /* Release */,
			);
			defaultConfigurationIsVisible = 0;
			defaultConfigurationName = Release;
		};
/* End XCConfigurationList section */
	};
	rootObject = 1F0D1ECF2A9D41D200F2E932 /* Project object */;
}
